PODS:
  - Alamofire (4.8.2)
  - AlamofireObjectMapper (5.2.0):
    - Alamofire (~> 4.7)
    - ObjectMapper (~> 3.4)
  - CarbonKit (2.3.1)
  - CVCalendar (1.6.2)
  - GoogleMaps (2.5.0):
    - GoogleMaps/Maps (= 2.5.0)
  - GoogleMaps/Base (2.5.0)
  - GoogleMaps/Maps (2.5.0):
    - GoogleMaps/Base
  - GooglePlacePicker (2.5.0):
    - GoogleMaps (= 2.5.0)
    - GooglePlaces (= 2.5.0)
  - GooglePlaces (2.5.0):
    - GoogleMaps/Base (= 2.5.0)
  - HCSStarRatingView (1.5)
  - ObjectMapper (3.5.1)
  - PKHUD (5.3.0)
  - ReachabilitySwift (4.3.1)
  - SwiftyJSON (5.0.0)

DEPENDENCIES:
  - Alamofire (~> 4.8.2)
  - AlamofireObjectMapper (~> 5.2)
  - CarbonKit (~> 2.3.1)
  - CVCalendar (~> 1.6.2)
  - GoogleMaps (~> 2.5.0)
  - GooglePlacePicker (~> 2.5.0)
  - GooglePlaces (~> 2.5.0)
  - HCSStarRatingView (~> 1.5)
  - ObjectMapper (~> 3.4)
  - PKHUD (~> 5.3.0)
  - ReachabilitySwift (~> 4.3)
  - SwiftyJSON (~> 5.0)

SPEC REPOS:
  trunk:
    - Alamofire
    - AlamofireObjectMapper
    - CarbonKit
    - CVCalendar
    - GoogleMaps
    - GooglePlacePicker
    - GooglePlaces
    - HCSStarRatingView
    - ObjectMapper
    - PKHUD
    - ReachabilitySwift
    - SwiftyJSON

SPEC CHECKSUMS:
  Alamofire: ae5c501addb7afdbb13687d7f2f722c78734c2d3
  AlamofireObjectMapper: 92b6ce2423a9d159e686f6a1d514a009bf903ddc
  CarbonKit: b60e24dbdb47179990d5e074efa87ab819c8de98
  CVCalendar: 515092247b9c5059855643c2a2220f259bd5417f
  GoogleMaps: c087b8e5dfe87ca6ebf59adb9b4894a4146bec4f
  GooglePlacePicker: 7867ab2dee54d00c337ec70faf6f0b619bdc30b5
  GooglePlaces: dd70d9d71ea1c7944846afe67de3712c99b30a77
  HCSStarRatingView: 1d18f79654735514cd6f00e6d90e38cb6320dc31
  ObjectMapper: 70187b8941977c62ccfb423caf6b50be405cabf0
  PKHUD: 98f3e4bc904b9c916f1c5bb6d765365b5357291b
  ReachabilitySwift: 4032e2f59586e11e3b0ebe15b167abdd587a388b
  SwiftyJSON: 36413e04c44ee145039d332b4f4e2d3e8d6c4db7

PODFILE CHECKSUM: deda879c703ed0609ed83b90d57992cff0864f92

COCOAPODS: 1.9.2
